
Microsoft Visual Studio Solution File, Format Version 12.00
# Visual Studio Version 17
VisualStudioVersion = 17.12.35506.116
MinimumVisualStudioVersion = 10.0.40219.1
Project("{FAE04EC0-301F-11D3-BF4B-00C04F79EFBC}") = "HttpServer", "HttpServer\HttpServer.csproj", "{5B1ED891-441A-47AA-BC6E-D29BF820F693}"
EndProject
Project("{FAE04EC0-301F-11D3-BF4B-00C04F79EFBC}") = "CounterModel", "CounterModel\CounterModel.csproj", "{A1D48FEC-B87C-427E-A6AD-7DCE75B5EAD9}"
EndProject
Project("{FAE04EC0-301F-11D3-BF4B-00C04F79EFBC}") = "TypeOperationBenchmark", "TypeOperationBenchmark\TypeOperationBenchmark.csproj", "{AB809443-7C0C-4FB4-B4A1-2D4B1A81B9B6}"
EndProject
Global
	GlobalSection(SolutionConfigurationPlatforms) = preSolution
		Debug|Any CPU = Debug|Any CPU
		Release|Any CPU = Release|Any CPU
	EndGlobalSection
	GlobalSection(ProjectConfigurationPlatforms) = postSolution
		{5B1ED891-441A-47AA-BC6E-D29BF820F693}.Debug|Any CPU.ActiveCfg = Debug|Any CPU
		{5B1ED891-441A-47AA-BC6E-D29BF820F693}.Debug|Any CPU.Build.0 = Debug|Any CPU
		{5B1ED891-441A-47AA-BC6E-D29BF820F693}.Release|Any CPU.ActiveCfg = Release|Any CPU
		{5B1ED891-441A-47AA-BC6E-D29BF820F693}.Release|Any CPU.Build.0 = Release|Any CPU
		{A1D48FEC-B87C-427E-A6AD-7DCE75B5EAD9}.Debug|Any CPU.ActiveCfg = Debug|Any CPU
		{A1D48FEC-B87C-427E-A6AD-7DCE75B5EAD9}.Debug|Any CPU.Build.0 = Debug|Any CPU
		{A1D48FEC-B87C-427E-A6AD-7DCE75B5EAD9}.Release|Any CPU.ActiveCfg = Release|Any CPU
		{A1D48FEC-B87C-427E-A6AD-7DCE75B5EAD9}.Release|Any CPU.Build.0 = Release|Any CPU
		{AB809443-7C0C-4FB4-B4A1-2D4B1A81B9B6}.Debug|Any CPU.ActiveCfg = Debug|Any CPU
		{AB809443-7C0C-4FB4-B4A1-2D4B1A81B9B6}.Debug|Any CPU.Build.0 = Debug|Any CPU
		{AB809443-7C0C-4FB4-B4A1-2D4B1A81B9B6}.Release|Any CPU.ActiveCfg = Release|Any CPU
		{AB809443-7C0C-4FB4-B4A1-2D4B1A81B9B6}.Release|Any CPU.Build.0 = Release|Any CPU
	EndGlobalSection
	GlobalSection(SolutionProperties) = preSolution
		HideSolutionNode = FALSE
	EndGlobalSection
EndGlobal
